
Microsoft Visual Studio Solution File, Format Version 12.00
# Visual Studio Version 17
VisualStudioVersion = 17.8.34330.188
MinimumVisualStudioVersion = 10.0.40219.1
Project("{FAE04EC0-301F-11D3-BF4B-00C04F79EFBC}") = "LINQ Method Sintaksa", "LINQ Method Sintaksa\LINQ Method Sintaksa.csproj", "{82324598-BB6E-4EA9-A173-6470AB45D498}"
EndProject
Global
	GlobalSection(SolutionConfigurationPlatforms) = preSolution
		Debug|Any CPU = Debug|Any CPU
		Release|Any CPU = Release|Any CPU
	EndGlobalSection
	GlobalSection(ProjectConfigurationPlatforms) = postSolution
		{82324598-BB6E-4EA9-A173-6470AB45D498}.Debug|Any CPU.ActiveCfg = Debug|Any CPU
		{82324598-BB6E-4EA9-A173-6470AB45D498}.Debug|Any CPU.Build.0 = Debug|Any CPU
		{82324598-BB6E-4EA9-A173-6470AB45D498}.Release|Any CPU.ActiveCfg = Release|Any CPU
		{82324598-BB6E-4EA9-A173-6470AB45D498}.Release|Any CPU.Build.0 = Release|Any CPU
	EndGlobalSection
	GlobalSection(SolutionProperties) = preSolution
		HideSolutionNode = FALSE
	EndGlobalSection
	GlobalSection(ExtensibilityGlobals) = postSolution
		SolutionGuid = {A6723CE2-6E81-4329-9FB0-0E1AB0A46184}
	EndGlobalSection
EndGlobal
